<?xml version="1.0" encoding="utf-8"?>
<Project ToolsVersion="4.0" xmlns="http://schemas.microsoft.com/developer/msbuild/2003">
  <ItemGroup>
    <Filter Include="Archivos de origen">
      <UniqueIdentifier>{4FC737F1-C7A5-4376-A066-2A32D752A2FF}</UniqueIdentifier>
      <Extensions>cpp;c;cc;cxx;c++;cppm;ixx;def;odl;idl;hpj;bat;asm;asmx</Extensions>
    </Filter>
    <Filter Include="Archivos de encabezado">
      <UniqueIdentifier>{93995380-89BD-4b04-88EB-625FBE52EBFB}</UniqueIdentifier>
      <Extensions>h;hh;hpp;hxx;h++;hm;inl;inc;ipp;xsd</Extensions>
    </Filter>
    <Filter Include="Archivos de recursos">
      <UniqueIdentifier>{67DA6AB6-F800-4c08-8B7A-83BB121AAD01}</UniqueIdentifier>
      <Extensions>rc;ico;cur;bmp;dlg;rc2;rct;bin;rgs;gif;jpg;jpeg;jpe;resx;tiff;tif;png;wav;mfcribbon-ms</Extensions>
    </Filter>
    <Filter Include="Archivos de encabezado\Personajes">
      <UniqueIdentifier>{118c61c8-f5e2-4462-944c-f02c9cd35e92}</UniqueIdentifier>
    </Filter>
    <Filter Include="Archivos de encabezado\Recursos">
      <UniqueIdentifier>{8bfc3c76-75ce-4213-8298-35d648d9a735}</UniqueIdentifier>
    </Filter>
    <Filter Include="Archivos de encabezado\Recursos\Arreglos">
      <UniqueIdentifier>{9d4e25c4-5f55-4c71-9182-31ca27996c5f}</UniqueIdentifier>
    </Filter>
  </ItemGroup>
  <ItemGroup>
    <ClInclude Include="hDependencias.h">
      <Filter>Archivos de encabezado</Filter>
    </ClInclude>
    <ClInclude Include="hJuego.h">
      <Filter>Archivos de encabezado</Filter>
    </ClInclude>
    <ClInclude Include="hLibreria.h">
      <Filter>Archivos de encabezado</Filter>
    </ClInclude>
    <ClInclude Include="hArbol.h">
      <Filter>Archivos de encabezado\Recursos</Filter>
    </ClInclude>
    <ClInclude Include="hRecAgua.h">
      <Filter>Archivos de encabezado\Recursos</Filter>
    </ClInclude>
    <ClInclude Include="hRecReciclable.h">
      <Filter>Archivos de encabezado\Recursos</Filter>
    </ClInclude>
    <ClInclude Include="hRecSemillas.h">
      <Filter>Archivos de encabezado\Recursos</Filter>
    </ClInclude>
    <ClInclude Include="hArrArbol.h">
      <Filter>Archivos de encabezado\Recursos\Arreglos</Filter>
    </ClInclude>
    <ClInclude Include="hArrRecAgua.h">
      <Filter>Archivos de encabezado\Recursos\Arreglos</Filter>
    </ClInclude>
    <ClInclude Include="hArrRecReciclable.h">
      <Filter>Archivos de encabezado\Recursos\Arreglos</Filter>
    </ClInclude>
    <ClInclude Include="hArrRecSemillas.h">
      <Filter>Archivos de encabezado\Recursos\Arreglos</Filter>
    </ClInclude>
    <ClInclude Include="hArrEnemigo.h">
      <Filter>Archivos de encabezado\Personajes</Filter>
    </ClInclude>
    <ClInclude Include="hEnemigo.h">
      <Filter>Archivos de encabezado\Personajes</Filter>
    </ClInclude>
    <ClInclude Include="hJugador.h">
      <Filter>Archivos de encabezado\Personajes</Filter>
    </ClInclude>
    <ClInclude Include="hMovil.h">
      <Filter>Archivos de encabezado</Filter>
    </ClInclude>
  </ItemGroup>
  <ItemGroup>
    <ClCompile Include="srcPrincipal.cpp">
      <Filter>Archivos de origen</Filter>
    </ClCompile>
  </ItemGroup>
</Project>